
Microsoft Visual Studio Solution File, Format Version 12.00
# Visual Studio Version 16
VisualStudioVersion = 16.0.30804.86
MinimumVisualStudioVersion = 10.0.40219.1
Project("{FAE04EC0-301F-11D3-BF4B-00C04F79EFBC}") = "MethodOut", "MethodOut.csproj", "{86563785-CABB-4A06-A162-F750B3816BCF}"
EndProject
Global
	GlobalSection(SolutionConfigurationPlatforms) = preSolution
		Debug|Any CPU = Debug|Any CPU
		Release|Any CPU = Release|Any CPU
	EndGlobalSection
	GlobalSection(ProjectConfigurationPlatforms) = postSolution
		{86563785-CABB-4A06-A162-F750B3816BCF}.Debug|Any CPU.ActiveCfg = Debug|Any CPU
		{86563785-CABB-4A06-A162-F750B3816BCF}.Debug|Any CPU.Build.0 = Debug|Any CPU
		{86563785-CABB-4A06-A162-F750B3816BCF}.Release|Any CPU.ActiveCfg = Release|Any CPU
		{86563785-CABB-4A06-A162-F750B3816BCF}.Release|Any CPU.Build.0 = Release|Any CPU
	EndGlobalSection
	GlobalSection(SolutionProperties) = preSolution
		HideSolutionNode = FALSE
	EndGlobalSection
	GlobalSection(ExtensibilityGlobals) = postSolution
		SolutionGuid = {3B6120EF-7686-4B7E-8D49-0FA7C7C79BAA}
	EndGlobalSection
EndGlobal
